
Microsoft Visual Studio Solution File, Format Version 12.00
# Visual Studio Version 16
VisualStudioVersion = 16.0.31410.357
MinimumVisualStudioVersion = 10.0.40219.1
Project("{FAE04EC0-301F-11D3-BF4B-00C04F79EFBC}") = "RAP3", "RAP3\RAP3.csproj", "{8258D5AA-E0BA-4284-8CFC-AEAAFFD7466C}"
EndProject
Global
	GlobalSection(SolutionConfigurationPlatforms) = preSolution
		Debug|Any CPU = Debug|Any CPU
		Release|Any CPU = Release|Any CPU
	EndGlobalSection
	GlobalSection(ProjectConfigurationPlatforms) = postSolution
		{8258D5AA-E0BA-4284-8CFC-AEAAFFD7466C}.Debug|Any CPU.ActiveCfg = Debug|Any CPU
		{8258D5AA-E0BA-4284-8CFC-AEAAFFD7466C}.Debug|Any CPU.Build.0 = Debug|Any CPU
		{8258D5AA-E0BA-4284-8CFC-AEAAFFD7466C}.Release|Any CPU.ActiveCfg = Release|Any CPU
		{8258D5AA-E0BA-4284-8CFC-AEAAFFD7466C}.Release|Any CPU.Build.0 = Release|Any CPU
	EndGlobalSection
	GlobalSection(SolutionProperties) = preSolution
		HideSolutionNode = FALSE
	EndGlobalSection
	GlobalSection(ExtensibilityGlobals) = postSolution
		SolutionGuid = {70B6B339-21BD-440D-A4A9-6E1D64C91A2F}
	EndGlobalSection
EndGlobal
